
Microsoft Visual Studio Solution File, Format Version 12.00
# Visual Studio Version 17
VisualStudioVersion = 17.6.33717.318
MinimumVisualStudioVersion = 10.0.40219.1
Project("{FAE04EC0-301F-11D3-BF4B-00C04F79EFBC}") = "Breakout_lekce3", "Breakout_lekce3\Breakout_lekce3.csproj", "{9212B3B1-0E26-44E9-9F5C-556217E90D3D}"
EndProject
Global
	GlobalSection(SolutionConfigurationPlatforms) = preSolution
		Debug|Any CPU = Debug|Any CPU
		Release|Any CPU = Release|Any CPU
	EndGlobalSection
	GlobalSection(ProjectConfigurationPlatforms) = postSolution
		{9212B3B1-0E26-44E9-9F5C-556217E90D3D}.Debug|Any CPU.ActiveCfg = Debug|Any CPU
		{9212B3B1-0E26-44E9-9F5C-556217E90D3D}.Debug|Any CPU.Build.0 = Debug|Any CPU
		{9212B3B1-0E26-44E9-9F5C-556217E90D3D}.Release|Any CPU.ActiveCfg = Release|Any CPU
		{9212B3B1-0E26-44E9-9F5C-556217E90D3D}.Release|Any CPU.Build.0 = Release|Any CPU
	EndGlobalSection
	GlobalSection(SolutionProperties) = preSolution
		HideSolutionNode = FALSE
	EndGlobalSection
	GlobalSection(ExtensibilityGlobals) = postSolution
		SolutionGuid = {585D2BA0-B0D5-4325-878F-5A1A2EEA441C}
	EndGlobalSection
EndGlobal
